
Microsoft Visual Studio Solution File, Format Version 12.00
# Visual Studio Version 17
VisualStudioVersion = 17.9.34607.119
MinimumVisualStudioVersion = 10.0.40219.1
Project("{FAE04EC0-301F-11D3-BF4B-00C04F79EFBC}") = "NorthwindIleMVC", "NorthwindIleMVC\NorthwindIleMVC.csproj", "{6BC970A1-3FB9-449B-845D-844198241B71}"
EndProject
Global
	GlobalSection(SolutionConfigurationPlatforms) = preSolution
		Debug|Any CPU = Debug|Any CPU
		Release|Any CPU = Release|Any CPU
	EndGlobalSection
	GlobalSection(ProjectConfigurationPlatforms) = postSolution
		{6BC970A1-3FB9-449B-845D-844198241B71}.Debug|Any CPU.ActiveCfg = Debug|Any CPU
		{6BC970A1-3FB9-449B-845D-844198241B71}.Debug|Any CPU.Build.0 = Debug|Any CPU
		{6BC970A1-3FB9-449B-845D-844198241B71}.Release|Any CPU.ActiveCfg = Release|Any CPU
		{6BC970A1-3FB9-449B-845D-844198241B71}.Release|Any CPU.Build.0 = Release|Any CPU
	EndGlobalSection
	GlobalSection(SolutionProperties) = preSolution
		HideSolutionNode = FALSE
	EndGlobalSection
	GlobalSection(ExtensibilityGlobals) = postSolution
		SolutionGuid = {F98F45F8-3DDA-4230-AF03-94D6622C6C04}
	EndGlobalSection
EndGlobal
